
Microsoft Visual Studio Solution File, Format Version 12.00
# Visual Studio Version 16
VisualStudioVersion = 16.0.30114.105
MinimumVisualStudioVersion = 10.0.40219.1
Project("{FAE04EC0-301F-11D3-BF4B-00C04F79EFBC}") = "datschess-engine", "datschess-engine\datschess-engine.csproj", "{3F0D0729-7B69-4667-9998-7A679AB96778}"
EndProject
Global
	GlobalSection(SolutionConfigurationPlatforms) = preSolution
		Debug|Any CPU = Debug|Any CPU
		Debug|x64 = Debug|x64
		Debug|x86 = Debug|x86
		Release|Any CPU = Release|Any CPU
		Release|x64 = Release|x64
		Release|x86 = Release|x86
	EndGlobalSection
	GlobalSection(ProjectConfigurationPlatforms) = postSolution
		{3F0D0729-7B69-4667-9998-7A679AB96778}.Debug|Any CPU.ActiveCfg = Debug|Any CPU
		{3F0D0729-7B69-4667-9998-7A679AB96778}.Debug|Any CPU.Build.0 = Debug|Any CPU
		{3F0D0729-7B69-4667-9998-7A679AB96778}.Debug|x64.ActiveCfg = Debug|Any CPU
		{3F0D0729-7B69-4667-9998-7A679AB96778}.Debug|x64.Build.0 = Debug|Any CPU
		{3F0D0729-7B69-4667-9998-7A679AB96778}.Debug|x86.ActiveCfg = Debug|Any CPU
		{3F0D0729-7B69-4667-9998-7A679AB96778}.Debug|x86.Build.0 = Debug|Any CPU
		{3F0D0729-7B69-4667-9998-7A679AB96778}.Release|Any CPU.ActiveCfg = Release|Any CPU
		{3F0D0729-7B69-4667-9998-7A679AB96778}.Release|Any CPU.Build.0 = Release|Any CPU
		{3F0D0729-7B69-4667-9998-7A679AB96778}.Release|x64.ActiveCfg = Release|Any CPU
		{3F0D0729-7B69-4667-9998-7A679AB96778}.Release|x64.Build.0 = Release|Any CPU
		{3F0D0729-7B69-4667-9998-7A679AB96778}.Release|x86.ActiveCfg = Release|Any CPU
		{3F0D0729-7B69-4667-9998-7A679AB96778}.Release|x86.Build.0 = Release|Any CPU
	EndGlobalSection
	GlobalSection(SolutionProperties) = preSolution
		HideSolutionNode = FALSE
	EndGlobalSection
	GlobalSection(ExtensibilityGlobals) = postSolution
		SolutionGuid = {ACA72BC4-B898-45E7-B712-DDAD1E0766C0}
	EndGlobalSection
EndGlobal
